// !$*UTF8*$!
{
	archiveVersion = 1;
	classes = {
	};
	objectVersion = 50;
	objects = {

/* Begin PBXBuildFile section */
		8E315E22233ADCD7006560FB /* AppDelegate.swift in Sources */ = {isa = PBXBuildFile; fileRef = 8E315E21233ADCD7006560FB /* AppDelegate.swift */; };
		8E315E24233ADCD7006560FB /* ViewController.swift in Sources */ = {isa = PBXBuildFile; fileRef = 8E315E23233ADCD7006560FB /* ViewController.swift */; };
		8E315E26233ADCD7006560FB /* Experience.rcproject in Sources */ = {isa = PBXBuildFile; fileRef = 8E315E25233ADCD7006560FB /* Experience.rcproject */; };
		8E315E29233ADCD7006560FB /* Main.storyboard in Resources */ = {isa = PBXBuildFile; fileRef = 8E315E27233ADCD7006560FB /* Main.storyboard */; };
		8E315E2B233ADCD9006560FB /* Assets.xcassets in Resources */ = {isa = PBXBuildFile; fileRef = 8E315E2A233ADCD9006560FB /* Assets.xcassets */; };
		8E315E2E233ADCD9006560FB /* LaunchScreen.storyboard in Resources */ = {isa = PBXBuildFile; fileRef = 8E315E2C233ADCD9006560FB /* LaunchScreen.storyboard */; };
		8EB7EA32235CA10600B235DD /* AR_UI_Elements.swift in Sources */ = {isa = PBXBuildFile; fileRef = 8EB7EA31235CA10600B235DD /* AR_UI_Elements.swift */; };
		8EB7EA34235CA32800B235DD /* UserOnboardingView.swift in Sources */ = {isa = PBXBuildFile; fileRef = 8EB7EA33235CA32800B235DD /* UserOnboardingView.swift */; };
		8EB7EA36235CA50C00B235DD /* CustomerFacingText.swift in Sources */ = {isa = PBXBuildFile; fileRef = 8EB7EA35235CA50C00B235DD /* CustomerFacingText.swift */; };
		8EB7EA3A235CB4DB00B235DD /* MainMenuView.swift in Sources */ = {isa = PBXBuildFile; fileRef = 8EB7EA39235CB4DB00B235DD /* MainMenuView.swift */; };
		8EF238522367B4AF00BE2C51 /* ship.scn in Resources */ = {isa = PBXBuildFile; fileRef = 8EF238512367B4AF00BE2C51 /* ship.scn */; };
/* End PBXBuildFile section */

/* Begin PBXFileReference section */
		8E315E1E233ADCD7006560FB /* My AR.app */ = {isa = PBXFileReference; explicitFileType = wrapper.application; includeInIndex = 0; path = "My AR.app"; sourceTree = BUILT_PRODUCTS_DIR; };
		8E315E21233ADCD7006560FB /* AppDelegate.swift */ = {isa = PBXFileReference; lastKnownFileType = sourcecode.swift; path = AppDelegate.swift; sourceTree = "<group>"; };
		8E315E23233ADCD7006560FB /* ViewController.swift */ = {isa = PBXFileReference; lastKnownFileType = sourcecode.swift; path = ViewController.swift; sourceTree = "<group>"; };
		8E315E25233ADCD7006560FB /* Experience.rcproject */ = {isa = PBXFileReference; lastKnownFileType = file.rcproject; path = Experience.rcproject; sourceTree = "<group>"; };
		8E315E28233ADCD7006560FB /* Base */ = {isa = PBXFileReference; lastKnownFileType = file.storyboard; name = Base; path = Base.lproj/Main.storyboard; sourceTree = "<group>"; };
		8E315E2A233ADCD9006560FB /* Assets.xcassets */ = {isa = PBXFileReference; lastKnownFileType = folder.assetcatalog; path = Assets.xcassets; sourceTree = "<group>"; };
		8E315E2D233ADCD9006560FB /* Base */ = {isa = PBXFileReference; lastKnownFileType = file.storyboard; name = Base; path = Base.lproj/LaunchScreen.storyboard; sourceTree = "<group>"; };
		8E315E2F233ADCD9006560FB /* Info.plist */ = {isa = PBXFileReference; lastKnownFileType = text.plist.xml; path = Info.plist; sourceTree = "<group>"; };
		8EB7EA31235CA10600B235DD /* AR_UI_Elements.swift */ = {isa = PBXFileReference; lastKnownFileType = sourcecode.swift; path = AR_UI_Elements.swift; sourceTree = "<group>"; };
		8EB7EA33235CA32800B235DD /* UserOnboardingView.swift */ = {isa = PBXFileReference; lastKnownFileType = sourcecode.swift; path = UserOnboardingView.swift; sourceTree = "<group>"; };
		8EB7EA35235CA50C00B235DD /* CustomerFacingText.swift */ = {isa = PBXFileReference; lastKnownFileType = sourcecode.swift; path = CustomerFacingText.swift; sourceTree = "<group>"; };
		8EB7EA39235CB4DB00B235DD /* MainMenuView.swift */ = {isa = PBXFileReference; lastKnownFileType = sourcecode.swift; path = MainMenuView.swift; sourceTree = "<group>"; };
		8EF238512367B4AF00BE2C51 /* ship.scn */ = {isa = PBXFileReference; lastKnownFileType = file.bplist; path = ship.scn; sourceTree = "<group>"; };
/* End PBXFileReference section */

/* Begin PBXFrameworksBuildPhase section */
		8E315E1B233ADCD7006560FB /* Frameworks */ = {
			isa = PBXFrameworksBuildPhase;
			buildActionMask = 2147483647;
			files = (
			);
			runOnlyForDeploymentPostprocessing = 0;
		};
/* End PBXFrameworksBuildPhase section */

/* Begin PBXGroup section */
		8E315E15233ADCD7006560FB = {
			isa = PBXGroup;
			children = (
				8E315E20233ADCD7006560FB /* My AR */,
				8E315E1F233ADCD7006560FB /* Products */,
			);
			sourceTree = "<group>";
		};
		8E315E1F233ADCD7006560FB /* Products */ = {
			isa = PBXGroup;
			children = (
				8E315E1E233ADCD7006560FB /* My AR.app */,
			);
			name = Products;
			sourceTree = "<group>";
		};
		8E315E20233ADCD7006560FB /* My AR */ = {
			isa = PBXGroup;
			children = (
				8E315E21233ADCD7006560FB /* AppDelegate.swift */,
				8EB7EA3B235CB4E600B235DD /* UI Element Properties */,
				8EB7EA3C235CB50800B235DD /* Views */,
				8EB7EA3D235CB52100B235DD /* Controller */,
				8E315E25233ADCD7006560FB /* Experience.rcproject */,
				8E315E27233ADCD7006560FB /* Main.storyboard */,
				8E315E2A233ADCD9006560FB /* Assets.xcassets */,
				8EF238532367B4D200BE2C51 /* SCN Assets */,
				8E315E2C233ADCD9006560FB /* LaunchScreen.storyboard */,
				8E315E2F233ADCD9006560FB /* Info.plist */,
			);
			path = "My AR";
			sourceTree = "<group>";
		};
		8EB7EA3B235CB4E600B235DD /* UI Element Properties */ = {
			isa = PBXGroup;
			children = (
				8EB7EA35235CA50C00B235DD /* CustomerFacingText.swift */,
				8EB7EA31235CA10600B235DD /* AR_UI_Elements.swift */,
			);
			path = "UI Element Properties";
			sourceTree = "<group>";
		};
		8EB7EA3C235CB50800B235DD /* Views */ = {
			isa = PBXGroup;
			children = (
				8EB7EA33235CA32800B235DD /* UserOnboardingView.swift */,
				8EB7EA39235CB4DB00B235DD /* MainMenuView.swift */,
			);
			path = Views;
			sourceTree = "<group>";
		};
		8EB7EA3D235CB52100B235DD /* Controller */ = {
			isa = PBXGroup;
			children = (
				8E315E23233ADCD7006560FB /* ViewController.swift */,
			);
			path = Controller;
			sourceTree = "<group>";
		};
		8EF238532367B4D200BE2C51 /* SCN Assets */ = {
			isa = PBXGroup;
			children = (
				8EF238512367B4AF00BE2C51 /* ship.scn */,
			);
			path = "SCN Assets";
			sourceTree = "<group>";
		};
/* End PBXGroup section */

/* Begin PBXNativeTarget section */
		8E315E1D233ADCD7006560FB /* My AR */ = {
			isa = PBXNativeTarget;
			buildConfigurationList = 8E315E32233ADCD9006560FB /* Build configuration list for PBXNativeTarget "My AR" */;
			buildPhases = (
				8E315E1A233ADCD7006560FB /* Sources */,
				8E315E1B233ADCD7006560FB /* Frameworks */,
				8E315E1C233ADCD7006560FB /* Resources */,
			);
			buildRules = (
			);
			dependencies = (
			);
			name = "My AR";
			productName = "My AR";
			productReference = 8E315E1E233ADCD7006560FB /* My AR.app */;
			productType = "com.apple.product-type.application";
		};
/* End PBXNativeTarget section */

/* Begin PBXProject section */
		8E315E16233ADCD7006560FB /* Project object */ = {
			isa = PBXProject;
			attributes = {
				LastSwiftUpdateCheck = 1100;
				LastUpgradeCheck = 1100;
				ORGANIZATIONNAME = toggle;
				TargetAttributes = {
					8E315E1D233ADCD7006560FB = {
						CreatedOnToolsVersion = 11.0;
					};
				};
			};
			buildConfigurationList = 8E315E19233ADCD7006560FB /* Build configuration list for PBXProject "My AR" */;
			compatibilityVersion = "Xcode 9.3";
			developmentRegion = en;
			hasScannedForEncodings = 0;
			knownRegions = (
				en,
				Base,
			);
			mainGroup = 8E315E15233ADCD7006560FB;
			productRefGroup = 8E315E1F233ADCD7006560FB /* Products */;
			projectDirPath = "";
			projectRoot = "";
			targets = (
				8E315E1D233ADCD7006560FB /* My AR */,
			);
		};
/* End PBXProject section */

/* Begin PBXResourcesBuildPhase section */
		8E315E1C233ADCD7006560FB /* Resources */ = {
			isa = PBXResourcesBuildPhase;
			buildActionMask = 2147483647;
			files = (
				8E315E2E233ADCD9006560FB /* LaunchScreen.storyboard in Resources */,
				8E315E2B233ADCD9006560FB /* Assets.xcassets in Resources */,
				8EF238522367B4AF00BE2C51 /* ship.scn in Resources */,
				8E315E29233ADCD7006560FB /* Main.storyboard in Resources */,
			);
			runOnlyForDeploymentPostprocessing = 0;
		};
/* End PBXResourcesBuildPhase section */

/* Begin PBXSourcesBuildPhase section */
		8E315E1A233ADCD7006560FB /* Sources */ = {
			isa = PBXSourcesBuildPhase;
			buildActionMask = 2147483647;
			files = (
				8E315E24233ADCD7006560FB /* ViewController.swift in Sources */,
				8EB7EA3A235CB4DB00B235DD /* MainMenuView.swift in Sources */,
				8E315E22233ADCD7006560FB /* AppDelegate.swift in Sources */,
				8EB7EA36235CA50C00B235DD /* CustomerFacingText.swift in Sources */,
				8E315E26233ADCD7006560FB /* Experience.rcproject in Sources */,
				8EB7EA32235CA10600B235DD /* AR_UI_Elements.swift in Sources */,
				8EB7EA34235CA32800B235DD /* UserOnboardingView.swift in Sources */,
			);
			runOnlyForDeploymentPostprocessing = 0;
		};
/* End PBXSourcesBuildPhase section */

/* Begin PBXVariantGroup section */
		8E315E27233ADCD7006560FB /* Main.storyboard */ = {
			isa = PBXVariantGroup;
			children = (
				8E315E28233ADCD7006560FB /* Base */,
			);
			name = Main.storyboard;
			sourceTree = "<group>";
		};
		8E315E2C233ADCD9006560FB /* LaunchScreen.storyboard */ = {
			isa = PBXVariantGroup;
			children = (
				8E315E2D233ADCD9006560FB /* Base */,
			);
			name = LaunchScreen.storyboard;
			sourceTree = "<group>";
		};
/* End PBXVariantGroup section */

/* Begin XCBuildConfiguration section */
		8E315E30233ADCD9006560FB /* Debug */ = {
			isa = XCBuildConfiguration;
			buildSettings = {
				ALWAYS_SEARCH_USER_PATHS = NO;
				CLANG_ANALYZER_NONNULL = YES;
				CLANG_ANALYZER_NUMBER_OBJECT_CONVERSION = YES_AGGRESSIVE;
				CLANG_CXX_LANGUAGE_STANDARD = "gnu++14";
				CLANG_CXX_LIBRARY = "libc++";
				CLANG_ENABLE_MODULES = YES;
				CLANG_ENABLE_OBJC_ARC = YES;
				CLANG_ENABLE_OBJC_WEAK = YES;
				CLANG_WARN_BLOCK_CAPTURE_AUTORELEASING = YES;
				CLANG_WARN_BOOL_CONVERSION = YES;
				CLANG_WARN_COMMA = YES;
				CLANG_WARN_CONSTANT_CONVERSION = YES;
				CLANG_WARN_DEPRECATED_OBJC_IMPLEMENTATIONS = YES;
				CLANG_WARN_DIRECT_OBJC_ISA_USAGE = YES_ERROR;
				CLANG_WARN_DOCUMENTATION_COMMENTS = YES;
				CLANG_WARN_EMPTY_BODY = YES;
				CLANG_WARN_ENUM_CONVERSION = YES;
				CLANG_WARN_INFINITE_RECURSION = YES;
				CLANG_WARN_INT_CONVERSION = YES;
				CLANG_WARN_NON_LITERAL_NULL_CONVERSION = YES;
				CLANG_WARN_OBJC_IMPLICIT_RETAIN_SELF = YES;
				CLANG_WARN_OBJC_LITERAL_CONVERSION = YES;
				CLANG_WARN_OBJC_ROOT_CLASS = YES_ERROR;
				CLANG_WARN_RANGE_LOOP_ANALYSIS = YES;
				CLANG_WARN_STRICT_PROTOTYPES = YES;
				CLANG_WARN_SUSPICIOUS_MOVE = YES;
				CLANG_WARN_UNGUARDED_AVAILABILITY = YES_AGGRESSIVE;
				CLANG_WARN_UNREACHABLE_CODE = YES;
				CLANG_WARN__DUPLICATE_METHOD_MATCH = YES;
				COPY_PHASE_STRIP = NO;
				DEBUG_INFORMATION_FORMAT = dwarf;
				ENABLE_STRICT_OBJC_MSGSEND = YES;
				ENABLE_TESTABILITY = YES;
				GCC_C_LANGUAGE_STANDARD = gnu11;
				GCC_DYNAMIC_NO_PIC = NO;
				GCC_NO_COMMON_BLOCKS = YES;
				GCC_OPTIMIZATION_LEVEL = 0;
				GCC_PREPROCESSOR_DEFINITIONS = (
					"DEBUG=1",
					"$(inherited)",
				);
				GCC_WARN_64_TO_32_BIT_CONVERSION = YES;
				GCC_WARN_ABOUT_RETURN_TYPE = YES_ERROR;
				GCC_WARN_UNDECLARED_SELECTOR = YES;
				GCC_WARN_UNINITIALIZED_AUTOS = YES_AGGRESSIVE;
				GCC_WARN_UNUSED_FUNCTION = YES;
				GCC_WARN_UNUSED_VARIABLE = YES;
				IPHONEOS_DEPLOYMENT_TARGET = 13.0;
				MTL_ENABLE_DEBUG_INFO = INCLUDE_SOURCE;
				MTL_FAST_MATH = YES;
				ONLY_ACTIVE_ARCH = YES;
				SDKROOT = iphoneos;
				SWIFT_ACTIVE_COMPILATION_CONDITIONS = DEBUG;
				SWIFT_OPTIMIZATION_LEVEL = "-Onone";
			};
			name = Debug;
		};
		8E315E31233ADCD9006560FB /* Release */ = {
			isa = XCBuildConfiguration;
			buildSettings = {
				ALWAYS_SEARCH_USER_PATHS = NO;
				CLANG_ANALYZER_NONNULL = YES;
				CLANG_ANALYZER_NUMBER_OBJECT_CONVERSION = YES_AGGRESSIVE;
				CLANG_CXX_LANGUAGE_STANDARD = "gnu++14";
				CLANG_CXX_LIBRARY = "libc++";
				CLANG_ENABLE_MODULES = YES;
				CLANG_ENABLE_OBJC_ARC = YES;
				CLANG_ENABLE_OBJC_WEAK = YES;
				CLANG_WARN_BLOCK_CAPTURE_AUTORELEASING = YES;
				CLANG_WARN_BOOL_CONVERSION = YES;
				CLANG_WARN_COMMA = YES;
				CLANG_WARN_CONSTANT_CONVERSION = YES;
				CLANG_WARN_DEPRECATED_OBJC_IMPLEMENTATIONS = YES;
				CLANG_WARN_DIRECT_OBJC_ISA_USAGE = YES_ERROR;
				CLANG_WARN_DOCUMENTATION_COMMENTS = YES;
				CLANG_WARN_EMPTY_BODY = YES;
				CLANG_WARN_ENUM_CONVERSION = YES;
				CLANG_WARN_INFINITE_RECURSION = YES;
				CLANG_WARN_INT_CONVERSION = YES;
				CLANG_WARN_NON_LITERAL_NULL_CONVERSION = YES;
				CLANG_WARN_OBJC_IMPLICIT_RETAIN_SELF = YES;
				CLANG_WARN_OBJC_LITERAL_CONVERSION = YES;
				CLANG_WARN_OBJC_ROOT_CLASS = YES_ERROR;
				CLANG_WARN_RANGE_LOOP_ANALYSIS = YES;
				CLANG_WARN_STRICT_PROTOTYPES = YES;
				CLANG_WARN_SUSPICIOUS_MOVE = YES;
				CLANG_WARN_UNGUARDED_AVAILABILITY = YES_AGGRESSIVE;
				CLANG_WARN_UNREACHABLE_CODE = YES;
				CLANG_WARN__DUPLICATE_METHOD_MATCH = YES;
				COPY_PHASE_STRIP = NO;
				DEBUG_INFORMATION_FORMAT = "dwarf-with-dsym";
				ENABLE_NS_ASSERTIONS = NO;
				ENABLE_STRICT_OBJC_MSGSEND = YES;
				GCC_C_LANGUAGE_STANDARD = gnu11;
				GCC_NO_COMMON_BLOCKS = YES;
				GCC_WARN_64_TO_32_BIT_CONVERSION = YES;
				GCC_WARN_ABOUT_RETURN_TYPE = YES_ERROR;
				GCC_WARN_UNDECLARED_SELECTOR = YES;
				GCC_WARN_UNINITIALIZED_AUTOS = YES_AGGRESSIVE;
				GCC_WARN_UNUSED_FUNCTION = YES;
				GCC_WARN_UNUSED_VARIABLE = YES;
				IPHONEOS_DEPLOYMENT_TARGET = 13.0;
				MTL_ENABLE_DEBUG_INFO = NO;
				MTL_FAST_MATH = YES;
				SDKROOT = iphoneos;
				SWIFT_COMPILATION_MODE = wholemodule;
				SWIFT_OPTIMIZATION_LEVEL = "-O";
				VALIDATE_PRODUCT = YES;
			};
			name = Release;
		};
		8E315E33233ADCD9006560FB /* Debug */ = {
			isa = XCBuildConfiguration;
			buildSettings = {
				ASSETCATALOG_COMPILER_APPICON_NAME = AppIcon;
				CODE_SIGN_STYLE = Automatic;
				DEVELOPMENT_TEAM = JKSB248FRK;
				INFOPLIST_FILE = "My AR/Info.plist";
				LD_RUNPATH_SEARCH_PATHS = (
					"$(inherited)",
					"@executable_path/Frameworks",
				);
				PRODUCT_BUNDLE_IDENTIFIER = "com.toggle.My-AR";
				PRODUCT_NAME = "$(TARGET_NAME)";
				SWIFT_VERSION = 5.0;
				TARGETED_DEVICE_FAMILY = "1,2";
			};
			name = Debug;
		};
		8E315E34233ADCD9006560FB /* Release */ = {
			isa = XCBuildConfiguration;
			buildSettings = {
				ASSETCATALOG_COMPILER_APPICON_NAME = AppIcon;
				CODE_SIGN_STYLE = Automatic;
				DEVELOPMENT_TEAM = JKSB248FRK;
				INFOPLIST_FILE = "My AR/Info.plist";
				LD_RUNPATH_SEARCH_PATHS = (
					"$(inherited)",
					"@executable_path/Frameworks",
				);
				PRODUCT_BUNDLE_IDENTIFIER = "com.toggle.My-AR";
				PRODUCT_NAME = "$(TARGET_NAME)";
				SWIFT_VERSION = 5.0;
				TARGETED_DEVICE_FAMILY = "1,2";
			};
			name = Release;
		};
/* End XCBuildConfiguration section */

/* Begin XCConfigurationList section */
		8E315E19233ADCD7006560FB /* Build configuration list for PBXProject "My AR" */ = {
			isa = XCConfigurationList;
			buildConfigurations = (
				8E315E30233ADCD9006560FB /* Debug */,
				8E315E31233ADCD9006560FB /* Release */,
			);
			defaultConfigurationIsVisible = 0;
			defaultConfigurationName = Release;
		};
		8E315E32233ADCD9006560FB /* Build configuration list for PBXNativeTarget "My AR" */ = {
			isa = XCConfigurationList;
			buildConfigurations = (
				8E315E33233ADCD9006560FB /* Debug */,
				8E315E34233ADCD9006560FB /* Release */,
			);
			defaultConfigurationIsVisible = 0;
			defaultConfigurationName = Release;
		};
/* End XCConfigurationList section */
	};
	rootObject = 8E315E16233ADCD7006560FB /* Project object */;
}
